// !$*UTF8*$!
{
	archiveVersion = 1;
	classes = {
	};
	objectVersion = 50;
	objects = {

/* Begin PBXBuildFile section */
		1986BC0520B7A929009460EE /* AppDelegate.swift in Sources */ = {isa = PBXBuildFile; fileRef = 1986BC0420B7A929009460EE /* AppDelegate.swift */; };
		1986BC0720B7A929009460EE /* ViewController.swift in Sources */ = {isa = PBXBuildFile; fileRef = 1986BC0620B7A929009460EE /* ViewController.swift */; };
		1986BC0A20B7A929009460EE /* Main.storyboard in Resources */ = {isa = PBXBuildFile; fileRef = 1986BC0820B7A929009460EE /* Main.storyboard */; };
		1986BC0C20B7A92A009460EE /* Assets.xcassets in Resources */ = {isa = PBXBuildFile; fileRef = 1986BC0B20B7A92A009460EE /* Assets.xcassets */; };
		1986BC0F20B7A92A009460EE /* LaunchScreen.storyboard in Resources */ = {isa = PBXBuildFile; fileRef = 1986BC0D20B7A92A009460EE /* LaunchScreen.storyboard */; };
		1986BC1720B7A9F1009460EE /* ActivityIndicator.swift in Sources */ = {isa = PBXBuildFile; fileRef = 1986BC1620B7A9F1009460EE /* ActivityIndicator.swift */; };
		1986BC1920B7AA92009460EE /* SimpleViewModel.swift in Sources */ = {isa = PBXBuildFile; fileRef = 1986BC1820B7AA92009460EE /* SimpleViewModel.swift */; };
		9E4FA95BE2C487F05EA00DC3 /* Pods_SimpleTrackActivity.framework in Frameworks */ = {isa = PBXBuildFile; fileRef = BB7AF1725EED79D641C2FB6E /* Pods_SimpleTrackActivity.framework */; };
/* End PBXBuildFile section */

/* Begin PBXFileReference section */
		1986BC0120B7A929009460EE /* SimpleTrackActivity.app */ = {isa = PBXFileReference; explicitFileType = wrapper.application; includeInIndex = 0; path = SimpleTrackActivity.app; sourceTree = BUILT_PRODUCTS_DIR; };
		1986BC0420B7A929009460EE /* AppDelegate.swift */ = {isa = PBXFileReference; lastKnownFileType = sourcecode.swift; path = AppDelegate.swift; sourceTree = "<group>"; };
		1986BC0620B7A929009460EE /* ViewController.swift */ = {isa = PBXFileReference; lastKnownFileType = sourcecode.swift; path = ViewController.swift; sourceTree = "<group>"; };
		1986BC0920B7A929009460EE /* Base */ = {isa = PBXFileReference; lastKnownFileType = file.storyboard; name = Base; path = Base.lproj/Main.storyboard; sourceTree = "<group>"; };
		1986BC0B20B7A92A009460EE /* Assets.xcassets */ = {isa = PBXFileReference; lastKnownFileType = folder.assetcatalog; path = Assets.xcassets; sourceTree = "<group>"; };
		1986BC0E20B7A92A009460EE /* Base */ = {isa = PBXFileReference; lastKnownFileType = file.storyboard; name = Base; path = Base.lproj/LaunchScreen.storyboard; sourceTree = "<group>"; };
		1986BC1020B7A92A009460EE /* Info.plist */ = {isa = PBXFileReference; lastKnownFileType = text.plist.xml; path = Info.plist; sourceTree = "<group>"; };
		1986BC1620B7A9F1009460EE /* ActivityIndicator.swift */ = {isa = PBXFileReference; fileEncoding = 4; lastKnownFileType = sourcecode.swift; path = ActivityIndicator.swift; sourceTree = "<group>"; };
		1986BC1820B7AA92009460EE /* SimpleViewModel.swift */ = {isa = PBXFileReference; lastKnownFileType = sourcecode.swift; path = SimpleViewModel.swift; sourceTree = "<group>"; };
		94973E97727D3254F8BA102B /* Pods-SimpleTrackActivity.debug.xcconfig */ = {isa = PBXFileReference; includeInIndex = 1; lastKnownFileType = text.xcconfig; name = "Pods-SimpleTrackActivity.debug.xcconfig"; path = "Pods/Target Support Files/Pods-SimpleTrackActivity/Pods-SimpleTrackActivity.debug.xcconfig"; sourceTree = "<group>"; };
		96B5D5DEB9DA23938AD0655B /* Pods-SimpleTrackActivity.release.xcconfig */ = {isa = PBXFileReference; includeInIndex = 1; lastKnownFileType = text.xcconfig; name = "Pods-SimpleTrackActivity.release.xcconfig"; path = "Pods/Target Support Files/Pods-SimpleTrackActivity/Pods-SimpleTrackActivity.release.xcconfig"; sourceTree = "<group>"; };
		BB7AF1725EED79D641C2FB6E /* Pods_SimpleTrackActivity.framework */ = {isa = PBXFileReference; explicitFileType = wrapper.framework; includeInIndex = 0; path = Pods_SimpleTrackActivity.framework; sourceTree = BUILT_PRODUCTS_DIR; };
/* End PBXFileReference section */

/* Begin PBXFrameworksBuildPhase section */
		1986BBFE20B7A929009460EE /* Frameworks */ = {
			isa = PBXFrameworksBuildPhase;
			buildActionMask = 2147483647;
			files = (
				9E4FA95BE2C487F05EA00DC3 /* Pods_SimpleTrackActivity.framework in Frameworks */,
			);
			runOnlyForDeploymentPostprocessing = 0;
		};
/* End PBXFrameworksBuildPhase section */

/* Begin PBXGroup section */
		18FED32F624A0707E4D8E033 /* Pods */ = {
			isa = PBXGroup;
			children = (
				94973E97727D3254F8BA102B /* Pods-SimpleTrackActivity.debug.xcconfig */,
				96B5D5DEB9DA23938AD0655B /* Pods-SimpleTrackActivity.release.xcconfig */,
			);
			name = Pods;
			sourceTree = "<group>";
		};
		1986BBF820B7A929009460EE = {
			isa = PBXGroup;
			children = (
				1986BC0320B7A929009460EE /* SimpleTrackActivity */,
				1986BC0220B7A929009460EE /* Products */,
				18FED32F624A0707E4D8E033 /* Pods */,
				83CA81DFF67D1E1E2BFD27D5 /* Frameworks */,
			);
			sourceTree = "<group>";
		};
		1986BC0220B7A929009460EE /* Products */ = {
			isa = PBXGroup;
			children = (
				1986BC0120B7A929009460EE /* SimpleTrackActivity.app */,
			);
			name = Products;
			sourceTree = "<group>";
		};
		1986BC0320B7A929009460EE /* SimpleTrackActivity */ = {
			isa = PBXGroup;
			children = (
				1986BC1620B7A9F1009460EE /* ActivityIndicator.swift */,
				1986BC1820B7AA92009460EE /* SimpleViewModel.swift */,
				1986BC0620B7A929009460EE /* ViewController.swift */,
				1986BC0420B7A929009460EE /* AppDelegate.swift */,
				1986BC0820B7A929009460EE /* Main.storyboard */,
				1986BC0B20B7A92A009460EE /* Assets.xcassets */,
				1986BC0D20B7A92A009460EE /* LaunchScreen.storyboard */,
				1986BC1020B7A92A009460EE /* Info.plist */,
			);
			path = SimpleTrackActivity;
			sourceTree = "<group>";
		};
		83CA81DFF67D1E1E2BFD27D5 /* Frameworks */ = {
			isa = PBXGroup;
			children = (
				BB7AF1725EED79D641C2FB6E /* Pods_SimpleTrackActivity.framework */,
			);
			name = Frameworks;
			sourceTree = "<group>";
		};
/* End PBXGroup section */

/* Begin PBXNativeTarget section */
		1986BC0020B7A929009460EE /* SimpleTrackActivity */ = {
			isa = PBXNativeTarget;
			buildConfigurationList = 1986BC1320B7A92A009460EE /* Build configuration list for PBXNativeTarget "SimpleTrackActivity" */;
			buildPhases = (
				55E117F8585439190026E904 /* [CP] Check Pods Manifest.lock */,
				1986BBFD20B7A929009460EE /* Sources */,
				1986BBFE20B7A929009460EE /* Frameworks */,
				1986BBFF20B7A929009460EE /* Resources */,
				5D2265937C8DF2A18444EA66 /* [CP] Embed Pods Frameworks */,
			);
			buildRules = (
			);
			dependencies = (
			);
			name = SimpleTrackActivity;
			productName = SimpleTrackActivity;
			productReference = 1986BC0120B7A929009460EE /* SimpleTrackActivity.app */;
			productType = "com.apple.product-type.application";
		};
/* End PBXNativeTarget section */

/* Begin PBXProject section */
		1986BBF920B7A929009460EE /* Project object */ = {
			isa = PBXProject;
			attributes = {
				LastSwiftUpdateCheck = 0930;
				LastUpgradeCheck = 0930;
				ORGANIZATIONNAME = "Young Kim";
				TargetAttributes = {
					1986BC0020B7A929009460EE = {
						CreatedOnToolsVersion = 9.3.1;
					};
				};
			};
			buildConfigurationList = 1986BBFC20B7A929009460EE /* Build configuration list for PBXProject "SimpleTrackActivity" */;
			compatibilityVersion = "Xcode 9.3";
			developmentRegion = en;
			hasScannedForEncodings = 0;
			knownRegions = (
				en,
				Base,
			);
			mainGroup = 1986BBF820B7A929009460EE;
			productRefGroup = 1986BC0220B7A929009460EE /* Products */;
			projectDirPath = "";
			projectRoot = "";
			targets = (
				1986BC0020B7A929009460EE /* SimpleTrackActivity */,
			);
		};
/* End PBXProject section */

/* Begin PBXResourcesBuildPhase section */
		1986BBFF20B7A929009460EE /* Resources */ = {
			isa = PBXResourcesBuildPhase;
			buildActionMask = 2147483647;
			files = (
				1986BC0F20B7A92A009460EE /* LaunchScreen.storyboard in Resources */,
				1986BC0C20B7A92A009460EE /* Assets.xcassets in Resources */,
				1986BC0A20B7A929009460EE /* Main.storyboard in Resources */,
			);
			runOnlyForDeploymentPostprocessing = 0;
		};
/* End PBXResourcesBuildPhase section */

/* Begin PBXShellScriptBuildPhase section */
		55E117F8585439190026E904 /* [CP] Check Pods Manifest.lock */ = {
			isa = PBXShellScriptBuildPhase;
			buildActionMask = 2147483647;
			files = (
			);
			inputPaths = (
				"${PODS_PODFILE_DIR_PATH}/Podfile.lock",
				"${PODS_ROOT}/Manifest.lock",
			);
			name = "[CP] Check Pods Manifest.lock";
			outputPaths = (
				"$(DERIVED_FILE_DIR)/Pods-SimpleTrackActivity-checkManifestLockResult.txt",
			);
			runOnlyForDeploymentPostprocessing = 0;
			shellPath = /bin/sh;
			shellScript = "diff \"${PODS_PODFILE_DIR_PATH}/Podfile.lock\" \"${PODS_ROOT}/Manifest.lock\" > /dev/null\nif [ $? != 0 ] ; then\n    # print error to STDERR\n    echo \"error: The sandbox is not in sync with the Podfile.lock. Run 'pod install' or update your CocoaPods installation.\" >&2\n    exit 1\nfi\n# This output is used by Xcode 'outputs' to avoid re-running this script phase.\necho \"SUCCESS\" > \"${SCRIPT_OUTPUT_FILE_0}\"\n";
			showEnvVarsInLog = 0;
		};
		5D2265937C8DF2A18444EA66 /* [CP] Embed Pods Frameworks */ = {
			isa = PBXShellScriptBuildPhase;
			buildActionMask = 2147483647;
			files = (
			);
			inputPaths = (
				"${SRCROOT}/Pods/Target Support Files/Pods-SimpleTrackActivity/Pods-SimpleTrackActivity-frameworks.sh",
				"${BUILT_PRODUCTS_DIR}/RxCocoa/RxCocoa.framework",
				"${BUILT_PRODUCTS_DIR}/RxSwift/RxSwift.framework",
			);
			name = "[CP] Embed Pods Frameworks";
			outputPaths = (
				"${TARGET_BUILD_DIR}/${FRAMEWORKS_FOLDER_PATH}/RxCocoa.framework",
				"${TARGET_BUILD_DIR}/${FRAMEWORKS_FOLDER_PATH}/RxSwift.framework",
			);
			runOnlyForDeploymentPostprocessing = 0;
			shellPath = /bin/sh;
			shellScript = "\"${SRCROOT}/Pods/Target Support Files/Pods-SimpleTrackActivity/Pods-SimpleTrackActivity-frameworks.sh\"\n";
			showEnvVarsInLog = 0;
		};
/* End PBXShellScriptBuildPhase section */

/* Begin PBXSourcesBuildPhase section */
		1986BBFD20B7A929009460EE /* Sources */ = {
			isa = PBXSourcesBuildPhase;
			buildActionMask = 2147483647;
			files = (
				1986BC0720B7A929009460EE /* ViewController.swift in Sources */,
				1986BC1720B7A9F1009460EE /* ActivityIndicator.swift in Sources */,
				1986BC1920B7AA92009460EE /* SimpleViewModel.swift in Sources */,
				1986BC0520B7A929009460EE /* AppDelegate.swift in Sources */,
			);
			runOnlyForDeploymentPostprocessing = 0;
		};
/* End PBXSourcesBuildPhase section */

/* Begin PBXVariantGroup section */
		1986BC0820B7A929009460EE /* Main.storyboard */ = {
			isa = PBXVariantGroup;
			children = (
				1986BC0920B7A929009460EE /* Base */,
			);
			name = Main.storyboard;
			sourceTree = "<group>";
		};
		1986BC0D20B7A92A009460EE /* LaunchScreen.storyboard */ = {
			isa = PBXVariantGroup;
			children = (
				1986BC0E20B7A92A009460EE /* Base */,
			);
			name = LaunchScreen.storyboard;
			sourceTree = "<group>";
		};
/* End PBXVariantGroup section */

/* Begin XCBuildConfiguration section */
		1986BC1120B7A92A009460EE /* Debug */ = {
			isa = XCBuildConfiguration;
			buildSettings = {
				ALWAYS_SEARCH_USER_PATHS = NO;
				CLANG_ANALYZER_NONNULL = YES;
				CLANG_ANALYZER_NUMBER_OBJECT_CONVERSION = YES_AGGRESSIVE;
				CLANG_CXX_LANGUAGE_STANDARD = "gnu++14";
				CLANG_CXX_LIBRARY = "libc++";
				CLANG_ENABLE_MODULES = YES;
				CLANG_ENABLE_OBJC_ARC = YES;
				CLANG_ENABLE_OBJC_WEAK = YES;
				CLANG_WARN_BLOCK_CAPTURE_AUTORELEASING = YES;
				CLANG_WARN_BOOL_CONVERSION = YES;
				CLANG_WARN_COMMA = YES;
				CLANG_WARN_CONSTANT_CONVERSION = YES;
				CLANG_WARN_DEPRECATED_OBJC_IMPLEMENTATIONS = YES;
				CLANG_WARN_DIRECT_OBJC_ISA_USAGE = YES_ERROR;
				CLANG_WARN_DOCUMENTATION_COMMENTS = YES;
				CLANG_WARN_EMPTY_BODY = YES;
				CLANG_WARN_ENUM_CONVERSION = YES;
				CLANG_WARN_INFINITE_RECURSION = YES;
				CLANG_WARN_INT_CONVERSION = YES;
				CLANG_WARN_NON_LITERAL_NULL_CONVERSION = YES;
				CLANG_WARN_OBJC_IMPLICIT_RETAIN_SELF = YES;
				CLANG_WARN_OBJC_LITERAL_CONVERSION = YES;
				CLANG_WARN_OBJC_ROOT_CLASS = YES_ERROR;
				CLANG_WARN_RANGE_LOOP_ANALYSIS = YES;
				CLANG_WARN_STRICT_PROTOTYPES = YES;
				CLANG_WARN_SUSPICIOUS_MOVE = YES;
				CLANG_WARN_UNGUARDED_AVAILABILITY = YES_AGGRESSIVE;
				CLANG_WARN_UNREACHABLE_CODE = YES;
				CLANG_WARN__DUPLICATE_METHOD_MATCH = YES;
				CODE_SIGN_IDENTITY = "iPhone Developer";
				COPY_PHASE_STRIP = NO;
				DEBUG_INFORMATION_FORMAT = dwarf;
				ENABLE_STRICT_OBJC_MSGSEND = YES;
				ENABLE_TESTABILITY = YES;
				GCC_C_LANGUAGE_STANDARD = gnu11;
				GCC_DYNAMIC_NO_PIC = NO;
				GCC_NO_COMMON_BLOCKS = YES;
				GCC_OPTIMIZATION_LEVEL = 0;
				GCC_PREPROCESSOR_DEFINITIONS = (
					"DEBUG=1",
					"$(inherited)",
				);
				GCC_WARN_64_TO_32_BIT_CONVERSION = YES;
				GCC_WARN_ABOUT_RETURN_TYPE = YES_ERROR;
				GCC_WARN_UNDECLARED_SELECTOR = YES;
				GCC_WARN_UNINITIALIZED_AUTOS = YES_AGGRESSIVE;
				GCC_WARN_UNUSED_FUNCTION = YES;
				GCC_WARN_UNUSED_VARIABLE = YES;
				IPHONEOS_DEPLOYMENT_TARGET = 11.3;
				MTL_ENABLE_DEBUG_INFO = YES;
				ONLY_ACTIVE_ARCH = YES;
				SDKROOT = iphoneos;
				SWIFT_ACTIVE_COMPILATION_CONDITIONS = DEBUG;
				SWIFT_OPTIMIZATION_LEVEL = "-Onone";
			};
			name = Debug;
		};
		1986BC1220B7A92A009460EE /* Release */ = {
			isa = XCBuildConfiguration;
			buildSettings = {
				ALWAYS_SEARCH_USER_PATHS = NO;
				CLANG_ANALYZER_NONNULL = YES;
				CLANG_ANALYZER_NUMBER_OBJECT_CONVERSION = YES_AGGRESSIVE;
				CLANG_CXX_LANGUAGE_STANDARD = "gnu++14";
				CLANG_CXX_LIBRARY = "libc++";
				CLANG_ENABLE_MODULES = YES;
				CLANG_ENABLE_OBJC_ARC = YES;
				CLANG_ENABLE_OBJC_WEAK = YES;
				CLANG_WARN_BLOCK_CAPTURE_AUTORELEASING = YES;
				CLANG_WARN_BOOL_CONVERSION = YES;
				CLANG_WARN_COMMA = YES;
				CLANG_WARN_CONSTANT_CONVERSION = YES;
				CLANG_WARN_DEPRECATED_OBJC_IMPLEMENTATIONS = YES;
				CLANG_WARN_DIRECT_OBJC_ISA_USAGE = YES_ERROR;
				CLANG_WARN_DOCUMENTATION_COMMENTS = YES;
				CLANG_WARN_EMPTY_BODY = YES;
				CLANG_WARN_ENUM_CONVERSION = YES;
				CLANG_WARN_INFINITE_RECURSION = YES;
				CLANG_WARN_INT_CONVERSION = YES;
				CLANG_WARN_NON_LITERAL_NULL_CONVERSION = YES;
				CLANG_WARN_OBJC_IMPLICIT_RETAIN_SELF = YES;
				CLANG_WARN_OBJC_LITERAL_CONVERSION = YES;
				CLANG_WARN_OBJC_ROOT_CLASS = YES_ERROR;
				CLANG_WARN_RANGE_LOOP_ANALYSIS = YES;
				CLANG_WARN_STRICT_PROTOTYPES = YES;
				CLANG_WARN_SUSPICIOUS_MOVE = YES;
				CLANG_WARN_UNGUARDED_AVAILABILITY = YES_AGGRESSIVE;
				CLANG_WARN_UNREACHABLE_CODE = YES;
				CLANG_WARN__DUPLICATE_METHOD_MATCH = YES;
				CODE_SIGN_IDENTITY = "iPhone Developer";
				COPY_PHASE_STRIP = NO;
				DEBUG_INFORMATION_FORMAT = "dwarf-with-dsym";
				ENABLE_NS_ASSERTIONS = NO;
				ENABLE_STRICT_OBJC_MSGSEND = YES;
				GCC_C_LANGUAGE_STANDARD = gnu11;
				GCC_NO_COMMON_BLOCKS = YES;
				GCC_WARN_64_TO_32_BIT_CONVERSION = YES;
				GCC_WARN_ABOUT_RETURN_TYPE = YES_ERROR;
				GCC_WARN_UNDECLARED_SELECTOR = YES;
				GCC_WARN_UNINITIALIZED_AUTOS = YES_AGGRESSIVE;
				GCC_WARN_UNUSED_FUNCTION = YES;
				GCC_WARN_UNUSED_VARIABLE = YES;
				IPHONEOS_DEPLOYMENT_TARGET = 11.3;
				MTL_ENABLE_DEBUG_INFO = NO;
				SDKROOT = iphoneos;
				SWIFT_COMPILATION_MODE = wholemodule;
				SWIFT_OPTIMIZATION_LEVEL = "-O";
				VALIDATE_PRODUCT = YES;
			};
			name = Release;
		};
		1986BC1420B7A92A009460EE /* Debug */ = {
			isa = XCBuildConfiguration;
			baseConfigurationReference = 94973E97727D3254F8BA102B /* Pods-SimpleTrackActivity.debug.xcconfig */;
			buildSettings = {
				ASSETCATALOG_COMPILER_APPICON_NAME = AppIcon;
				CODE_SIGN_STYLE = Automatic;
				INFOPLIST_FILE = SimpleTrackActivity/Info.plist;
				LD_RUNPATH_SEARCH_PATHS = (
					"$(inherited)",
					"@executable_path/Frameworks",
				);
				PRODUCT_BUNDLE_IDENTIFIER = com.1652171.SimpleTrackActivity;
				PRODUCT_NAME = "$(TARGET_NAME)";
				SWIFT_VERSION = 4.0;
				TARGETED_DEVICE_FAMILY = "1,2";
			};
			name = Debug;
		};
		1986BC1520B7A92A009460EE /* Release */ = {
			isa = XCBuildConfiguration;
			baseConfigurationReference = 96B5D5DEB9DA23938AD0655B /* Pods-SimpleTrackActivity.release.xcconfig */;
			buildSettings = {
				ASSETCATALOG_COMPILER_APPICON_NAME = AppIcon;
				CODE_SIGN_STYLE = Automatic;
				INFOPLIST_FILE = SimpleTrackActivity/Info.plist;
				LD_RUNPATH_SEARCH_PATHS = (
					"$(inherited)",
					"@executable_path/Frameworks",
				);
				PRODUCT_BUNDLE_IDENTIFIER = com.1652171.SimpleTrackActivity;
				PRODUCT_NAME = "$(TARGET_NAME)";
				SWIFT_VERSION = 4.0;
				TARGETED_DEVICE_FAMILY = "1,2";
			};
			name = Release;
		};
/* End XCBuildConfiguration section */

/* Begin XCConfigurationList section */
		1986BBFC20B7A929009460EE /* Build configuration list for PBXProject "SimpleTrackActivity" */ = {
			isa = XCConfigurationList;
			buildConfigurations = (
				1986BC1120B7A92A009460EE /* Debug */,
				1986BC1220B7A92A009460EE /* Release */,
			);
			defaultConfigurationIsVisible = 0;
			defaultConfigurationName = Release;
		};
		1986BC1320B7A92A009460EE /* Build configuration list for PBXNativeTarget "SimpleTrackActivity" */ = {
			isa = XCConfigurationList;
			buildConfigurations = (
				1986BC1420B7A92A009460EE /* Debug */,
				1986BC1520B7A92A009460EE /* Release */,
			);
			defaultConfigurationIsVisible = 0;
			defaultConfigurationName = Release;
		};
/* End XCConfigurationList section */
	};
	rootObject = 1986BBF920B7A929009460EE /* Project object */;
}
