// !$*UTF8*$!
{
	archiveVersion = 1;
	classes = {
	};
	objectVersion = 50;
	objects = {

/* Begin PBXBuildFile section */
		19405C0B20B9F29D0080EC07 /* AppDelegate.swift in Sources */ = {isa = PBXBuildFile; fileRef = 19405C0A20B9F29D0080EC07 /* AppDelegate.swift */; };
		19405C0D20B9F29D0080EC07 /* ViewController.swift in Sources */ = {isa = PBXBuildFile; fileRef = 19405C0C20B9F29D0080EC07 /* ViewController.swift */; };
		19405C1020B9F29D0080EC07 /* Main.storyboard in Resources */ = {isa = PBXBuildFile; fileRef = 19405C0E20B9F29D0080EC07 /* Main.storyboard */; };
		19405C1220B9F29D0080EC07 /* Assets.xcassets in Resources */ = {isa = PBXBuildFile; fileRef = 19405C1120B9F29D0080EC07 /* Assets.xcassets */; };
		19405C1520B9F29D0080EC07 /* LaunchScreen.storyboard in Resources */ = {isa = PBXBuildFile; fileRef = 19405C1320B9F29D0080EC07 /* LaunchScreen.storyboard */; };
		19405C2020B9F37E0080EC07 /* TwoTableViewCell.swift in Sources */ = {isa = PBXBuildFile; fileRef = 19405C1C20B9F37E0080EC07 /* TwoTableViewCell.swift */; };
		19405C2120B9F37E0080EC07 /* OneViewController.swift in Sources */ = {isa = PBXBuildFile; fileRef = 19405C1D20B9F37E0080EC07 /* OneViewController.swift */; };
		19405C2220B9F37E0080EC07 /* OneViewModel.swift in Sources */ = {isa = PBXBuildFile; fileRef = 19405C1E20B9F37E0080EC07 /* OneViewModel.swift */; };
		19405C2320B9F37E0080EC07 /* OneTableViewCell.swift in Sources */ = {isa = PBXBuildFile; fileRef = 19405C1F20B9F37E0080EC07 /* OneTableViewCell.swift */; };
		19405C2520B9F4120080EC07 /* Operators.swift in Sources */ = {isa = PBXBuildFile; fileRef = 19405C2420B9F4120080EC07 /* Operators.swift */; };
		367904E7FF7FB9646241CF15 /* Pods_AdvancedTableView.framework in Frameworks */ = {isa = PBXBuildFile; fileRef = DBB0E0D582A9046285D22E4F /* Pods_AdvancedTableView.framework */; };
/* End PBXBuildFile section */

/* Begin PBXFileReference section */
		19405C0720B9F29D0080EC07 /* AdvancedTableView.app */ = {isa = PBXFileReference; explicitFileType = wrapper.application; includeInIndex = 0; path = AdvancedTableView.app; sourceTree = BUILT_PRODUCTS_DIR; };
		19405C0A20B9F29D0080EC07 /* AppDelegate.swift */ = {isa = PBXFileReference; lastKnownFileType = sourcecode.swift; path = AppDelegate.swift; sourceTree = "<group>"; };
		19405C0C20B9F29D0080EC07 /* ViewController.swift */ = {isa = PBXFileReference; lastKnownFileType = sourcecode.swift; path = ViewController.swift; sourceTree = "<group>"; };
		19405C0F20B9F29D0080EC07 /* Base */ = {isa = PBXFileReference; lastKnownFileType = file.storyboard; name = Base; path = Base.lproj/Main.storyboard; sourceTree = "<group>"; };
		19405C1120B9F29D0080EC07 /* Assets.xcassets */ = {isa = PBXFileReference; lastKnownFileType = folder.assetcatalog; path = Assets.xcassets; sourceTree = "<group>"; };
		19405C1420B9F29D0080EC07 /* Base */ = {isa = PBXFileReference; lastKnownFileType = file.storyboard; name = Base; path = Base.lproj/LaunchScreen.storyboard; sourceTree = "<group>"; };
		19405C1620B9F29D0080EC07 /* Info.plist */ = {isa = PBXFileReference; lastKnownFileType = text.plist.xml; path = Info.plist; sourceTree = "<group>"; };
		19405C1C20B9F37E0080EC07 /* TwoTableViewCell.swift */ = {isa = PBXFileReference; fileEncoding = 4; lastKnownFileType = sourcecode.swift; path = TwoTableViewCell.swift; sourceTree = "<group>"; };
		19405C1D20B9F37E0080EC07 /* OneViewController.swift */ = {isa = PBXFileReference; fileEncoding = 4; lastKnownFileType = sourcecode.swift; path = OneViewController.swift; sourceTree = "<group>"; };
		19405C1E20B9F37E0080EC07 /* OneViewModel.swift */ = {isa = PBXFileReference; fileEncoding = 4; lastKnownFileType = sourcecode.swift; path = OneViewModel.swift; sourceTree = "<group>"; };
		19405C1F20B9F37E0080EC07 /* OneTableViewCell.swift */ = {isa = PBXFileReference; fileEncoding = 4; lastKnownFileType = sourcecode.swift; path = OneTableViewCell.swift; sourceTree = "<group>"; };
		19405C2420B9F4120080EC07 /* Operators.swift */ = {isa = PBXFileReference; fileEncoding = 4; lastKnownFileType = sourcecode.swift; path = Operators.swift; sourceTree = "<group>"; };
		A0C5A88D1A4F72D1F8422383 /* Pods-AdvancedTableView.debug.xcconfig */ = {isa = PBXFileReference; includeInIndex = 1; lastKnownFileType = text.xcconfig; name = "Pods-AdvancedTableView.debug.xcconfig"; path = "Pods/Target Support Files/Pods-AdvancedTableView/Pods-AdvancedTableView.debug.xcconfig"; sourceTree = "<group>"; };
		C8C5745B5DC8A0BB4BA9A70F /* Pods-AdvancedTableView.release.xcconfig */ = {isa = PBXFileReference; includeInIndex = 1; lastKnownFileType = text.xcconfig; name = "Pods-AdvancedTableView.release.xcconfig"; path = "Pods/Target Support Files/Pods-AdvancedTableView/Pods-AdvancedTableView.release.xcconfig"; sourceTree = "<group>"; };
		DBB0E0D582A9046285D22E4F /* Pods_AdvancedTableView.framework */ = {isa = PBXFileReference; explicitFileType = wrapper.framework; includeInIndex = 0; path = Pods_AdvancedTableView.framework; sourceTree = BUILT_PRODUCTS_DIR; };
/* End PBXFileReference section */

/* Begin PBXFrameworksBuildPhase section */
		19405C0420B9F29D0080EC07 /* Frameworks */ = {
			isa = PBXFrameworksBuildPhase;
			buildActionMask = 2147483647;
			files = (
				367904E7FF7FB9646241CF15 /* Pods_AdvancedTableView.framework in Frameworks */,
			);
			runOnlyForDeploymentPostprocessing = 0;
		};
/* End PBXFrameworksBuildPhase section */

/* Begin PBXGroup section */
		19405BFE20B9F29D0080EC07 = {
			isa = PBXGroup;
			children = (
				19405C0920B9F29D0080EC07 /* AdvancedTableView */,
				19405C0820B9F29D0080EC07 /* Products */,
				CCA3BA90632CB3C52AF308D4 /* Pods */,
				5B3CF9759DD13AE84C4EA420 /* Frameworks */,
			);
			sourceTree = "<group>";
		};
		19405C0820B9F29D0080EC07 /* Products */ = {
			isa = PBXGroup;
			children = (
				19405C0720B9F29D0080EC07 /* AdvancedTableView.app */,
			);
			name = Products;
			sourceTree = "<group>";
		};
		19405C0920B9F29D0080EC07 /* AdvancedTableView */ = {
			isa = PBXGroup;
			children = (
				19405C2420B9F4120080EC07 /* Operators.swift */,
				19405C0A20B9F29D0080EC07 /* AppDelegate.swift */,
				19405C0C20B9F29D0080EC07 /* ViewController.swift */,
				19405C1F20B9F37E0080EC07 /* OneTableViewCell.swift */,
				19405C1D20B9F37E0080EC07 /* OneViewController.swift */,
				19405C1E20B9F37E0080EC07 /* OneViewModel.swift */,
				19405C1C20B9F37E0080EC07 /* TwoTableViewCell.swift */,
				19405C0E20B9F29D0080EC07 /* Main.storyboard */,
				19405C1120B9F29D0080EC07 /* Assets.xcassets */,
				19405C1320B9F29D0080EC07 /* LaunchScreen.storyboard */,
				19405C1620B9F29D0080EC07 /* Info.plist */,
			);
			path = AdvancedTableView;
			sourceTree = "<group>";
		};
		5B3CF9759DD13AE84C4EA420 /* Frameworks */ = {
			isa = PBXGroup;
			children = (
				DBB0E0D582A9046285D22E4F /* Pods_AdvancedTableView.framework */,
			);
			name = Frameworks;
			sourceTree = "<group>";
		};
		CCA3BA90632CB3C52AF308D4 /* Pods */ = {
			isa = PBXGroup;
			children = (
				A0C5A88D1A4F72D1F8422383 /* Pods-AdvancedTableView.debug.xcconfig */,
				C8C5745B5DC8A0BB4BA9A70F /* Pods-AdvancedTableView.release.xcconfig */,
			);
			name = Pods;
			sourceTree = "<group>";
		};
/* End PBXGroup section */

/* Begin PBXNativeTarget section */
		19405C0620B9F29D0080EC07 /* AdvancedTableView */ = {
			isa = PBXNativeTarget;
			buildConfigurationList = 19405C1920B9F29D0080EC07 /* Build configuration list for PBXNativeTarget "AdvancedTableView" */;
			buildPhases = (
				A897C41F034ED8E6D71D822D /* [CP] Check Pods Manifest.lock */,
				19405C0320B9F29D0080EC07 /* Sources */,
				19405C0420B9F29D0080EC07 /* Frameworks */,
				19405C0520B9F29D0080EC07 /* Resources */,
				456C8E3D4D3245E715C0BB8C /* [CP] Embed Pods Frameworks */,
			);
			buildRules = (
			);
			dependencies = (
			);
			name = AdvancedTableView;
			productName = AdvancedTableView;
			productReference = 19405C0720B9F29D0080EC07 /* AdvancedTableView.app */;
			productType = "com.apple.product-type.application";
		};
/* End PBXNativeTarget section */

/* Begin PBXProject section */
		19405BFF20B9F29D0080EC07 /* Project object */ = {
			isa = PBXProject;
			attributes = {
				LastSwiftUpdateCheck = 0930;
				LastUpgradeCheck = 0930;
				ORGANIZATIONNAME = "Young Kim";
				TargetAttributes = {
					19405C0620B9F29D0080EC07 = {
						CreatedOnToolsVersion = 9.3.1;
					};
				};
			};
			buildConfigurationList = 19405C0220B9F29D0080EC07 /* Build configuration list for PBXProject "AdvancedTableView" */;
			compatibilityVersion = "Xcode 9.3";
			developmentRegion = en;
			hasScannedForEncodings = 0;
			knownRegions = (
				en,
				Base,
			);
			mainGroup = 19405BFE20B9F29D0080EC07;
			productRefGroup = 19405C0820B9F29D0080EC07 /* Products */;
			projectDirPath = "";
			projectRoot = "";
			targets = (
				19405C0620B9F29D0080EC07 /* AdvancedTableView */,
			);
		};
/* End PBXProject section */

/* Begin PBXResourcesBuildPhase section */
		19405C0520B9F29D0080EC07 /* Resources */ = {
			isa = PBXResourcesBuildPhase;
			buildActionMask = 2147483647;
			files = (
				19405C1520B9F29D0080EC07 /* LaunchScreen.storyboard in Resources */,
				19405C1220B9F29D0080EC07 /* Assets.xcassets in Resources */,
				19405C1020B9F29D0080EC07 /* Main.storyboard in Resources */,
			);
			runOnlyForDeploymentPostprocessing = 0;
		};
/* End PBXResourcesBuildPhase section */

/* Begin PBXShellScriptBuildPhase section */
		456C8E3D4D3245E715C0BB8C /* [CP] Embed Pods Frameworks */ = {
			isa = PBXShellScriptBuildPhase;
			buildActionMask = 2147483647;
			files = (
			);
			inputPaths = (
				"${SRCROOT}/Pods/Target Support Files/Pods-AdvancedTableView/Pods-AdvancedTableView-frameworks.sh",
				"${BUILT_PRODUCTS_DIR}/Differentiator/Differentiator.framework",
				"${BUILT_PRODUCTS_DIR}/RxCocoa/RxCocoa.framework",
				"${BUILT_PRODUCTS_DIR}/RxDataSources/RxDataSources.framework",
				"${BUILT_PRODUCTS_DIR}/RxSwift/RxSwift.framework",
			);
			name = "[CP] Embed Pods Frameworks";
			outputPaths = (
				"${TARGET_BUILD_DIR}/${FRAMEWORKS_FOLDER_PATH}/Differentiator.framework",
				"${TARGET_BUILD_DIR}/${FRAMEWORKS_FOLDER_PATH}/RxCocoa.framework",
				"${TARGET_BUILD_DIR}/${FRAMEWORKS_FOLDER_PATH}/RxDataSources.framework",
				"${TARGET_BUILD_DIR}/${FRAMEWORKS_FOLDER_PATH}/RxSwift.framework",
			);
			runOnlyForDeploymentPostprocessing = 0;
			shellPath = /bin/sh;
			shellScript = "\"${SRCROOT}/Pods/Target Support Files/Pods-AdvancedTableView/Pods-AdvancedTableView-frameworks.sh\"\n";
			showEnvVarsInLog = 0;
		};
		A897C41F034ED8E6D71D822D /* [CP] Check Pods Manifest.lock */ = {
			isa = PBXShellScriptBuildPhase;
			buildActionMask = 2147483647;
			files = (
			);
			inputPaths = (
				"${PODS_PODFILE_DIR_PATH}/Podfile.lock",
				"${PODS_ROOT}/Manifest.lock",
			);
			name = "[CP] Check Pods Manifest.lock";
			outputPaths = (
				"$(DERIVED_FILE_DIR)/Pods-AdvancedTableView-checkManifestLockResult.txt",
			);
			runOnlyForDeploymentPostprocessing = 0;
			shellPath = /bin/sh;
			shellScript = "diff \"${PODS_PODFILE_DIR_PATH}/Podfile.lock\" \"${PODS_ROOT}/Manifest.lock\" > /dev/null\nif [ $? != 0 ] ; then\n    # print error to STDERR\n    echo \"error: The sandbox is not in sync with the Podfile.lock. Run 'pod install' or update your CocoaPods installation.\" >&2\n    exit 1\nfi\n# This output is used by Xcode 'outputs' to avoid re-running this script phase.\necho \"SUCCESS\" > \"${SCRIPT_OUTPUT_FILE_0}\"\n";
			showEnvVarsInLog = 0;
		};
/* End PBXShellScriptBuildPhase section */

/* Begin PBXSourcesBuildPhase section */
		19405C0320B9F29D0080EC07 /* Sources */ = {
			isa = PBXSourcesBuildPhase;
			buildActionMask = 2147483647;
			files = (
				19405C2020B9F37E0080EC07 /* TwoTableViewCell.swift in Sources */,
				19405C0D20B9F29D0080EC07 /* ViewController.swift in Sources */,
				19405C2520B9F4120080EC07 /* Operators.swift in Sources */,
				19405C2320B9F37E0080EC07 /* OneTableViewCell.swift in Sources */,
				19405C0B20B9F29D0080EC07 /* AppDelegate.swift in Sources */,
				19405C2120B9F37E0080EC07 /* OneViewController.swift in Sources */,
				19405C2220B9F37E0080EC07 /* OneViewModel.swift in Sources */,
			);
			runOnlyForDeploymentPostprocessing = 0;
		};
/* End PBXSourcesBuildPhase section */

/* Begin PBXVariantGroup section */
		19405C0E20B9F29D0080EC07 /* Main.storyboard */ = {
			isa = PBXVariantGroup;
			children = (
				19405C0F20B9F29D0080EC07 /* Base */,
			);
			name = Main.storyboard;
			sourceTree = "<group>";
		};
		19405C1320B9F29D0080EC07 /* LaunchScreen.storyboard */ = {
			isa = PBXVariantGroup;
			children = (
				19405C1420B9F29D0080EC07 /* Base */,
			);
			name = LaunchScreen.storyboard;
			sourceTree = "<group>";
		};
/* End PBXVariantGroup section */

/* Begin XCBuildConfiguration section */
		19405C1720B9F29D0080EC07 /* Debug */ = {
			isa = XCBuildConfiguration;
			buildSettings = {
				ALWAYS_SEARCH_USER_PATHS = NO;
				CLANG_ANALYZER_NONNULL = YES;
				CLANG_ANALYZER_NUMBER_OBJECT_CONVERSION = YES_AGGRESSIVE;
				CLANG_CXX_LANGUAGE_STANDARD = "gnu++14";
				CLANG_CXX_LIBRARY = "libc++";
				CLANG_ENABLE_MODULES = YES;
				CLANG_ENABLE_OBJC_ARC = YES;
				CLANG_ENABLE_OBJC_WEAK = YES;
				CLANG_WARN_BLOCK_CAPTURE_AUTORELEASING = YES;
				CLANG_WARN_BOOL_CONVERSION = YES;
				CLANG_WARN_COMMA = YES;
				CLANG_WARN_CONSTANT_CONVERSION = YES;
				CLANG_WARN_DEPRECATED_OBJC_IMPLEMENTATIONS = YES;
				CLANG_WARN_DIRECT_OBJC_ISA_USAGE = YES_ERROR;
				CLANG_WARN_DOCUMENTATION_COMMENTS = YES;
				CLANG_WARN_EMPTY_BODY = YES;
				CLANG_WARN_ENUM_CONVERSION = YES;
				CLANG_WARN_INFINITE_RECURSION = YES;
				CLANG_WARN_INT_CONVERSION = YES;
				CLANG_WARN_NON_LITERAL_NULL_CONVERSION = YES;
				CLANG_WARN_OBJC_IMPLICIT_RETAIN_SELF = YES;
				CLANG_WARN_OBJC_LITERAL_CONVERSION = YES;
				CLANG_WARN_OBJC_ROOT_CLASS = YES_ERROR;
				CLANG_WARN_RANGE_LOOP_ANALYSIS = YES;
				CLANG_WARN_STRICT_PROTOTYPES = YES;
				CLANG_WARN_SUSPICIOUS_MOVE = YES;
				CLANG_WARN_UNGUARDED_AVAILABILITY = YES_AGGRESSIVE;
				CLANG_WARN_UNREACHABLE_CODE = YES;
				CLANG_WARN__DUPLICATE_METHOD_MATCH = YES;
				CODE_SIGN_IDENTITY = "iPhone Developer";
				COPY_PHASE_STRIP = NO;
				DEBUG_INFORMATION_FORMAT = dwarf;
				ENABLE_STRICT_OBJC_MSGSEND = YES;
				ENABLE_TESTABILITY = YES;
				GCC_C_LANGUAGE_STANDARD = gnu11;
				GCC_DYNAMIC_NO_PIC = NO;
				GCC_NO_COMMON_BLOCKS = YES;
				GCC_OPTIMIZATION_LEVEL = 0;
				GCC_PREPROCESSOR_DEFINITIONS = (
					"DEBUG=1",
					"$(inherited)",
				);
				GCC_WARN_64_TO_32_BIT_CONVERSION = YES;
				GCC_WARN_ABOUT_RETURN_TYPE = YES_ERROR;
				GCC_WARN_UNDECLARED_SELECTOR = YES;
				GCC_WARN_UNINITIALIZED_AUTOS = YES_AGGRESSIVE;
				GCC_WARN_UNUSED_FUNCTION = YES;
				GCC_WARN_UNUSED_VARIABLE = YES;
				IPHONEOS_DEPLOYMENT_TARGET = 11.3;
				MTL_ENABLE_DEBUG_INFO = YES;
				ONLY_ACTIVE_ARCH = YES;
				SDKROOT = iphoneos;
				SWIFT_ACTIVE_COMPILATION_CONDITIONS = DEBUG;
				SWIFT_OPTIMIZATION_LEVEL = "-Onone";
			};
			name = Debug;
		};
		19405C1820B9F29D0080EC07 /* Release */ = {
			isa = XCBuildConfiguration;
			buildSettings = {
				ALWAYS_SEARCH_USER_PATHS = NO;
				CLANG_ANALYZER_NONNULL = YES;
				CLANG_ANALYZER_NUMBER_OBJECT_CONVERSION = YES_AGGRESSIVE;
				CLANG_CXX_LANGUAGE_STANDARD = "gnu++14";
				CLANG_CXX_LIBRARY = "libc++";
				CLANG_ENABLE_MODULES = YES;
				CLANG_ENABLE_OBJC_ARC = YES;
				CLANG_ENABLE_OBJC_WEAK = YES;
				CLANG_WARN_BLOCK_CAPTURE_AUTORELEASING = YES;
				CLANG_WARN_BOOL_CONVERSION = YES;
				CLANG_WARN_COMMA = YES;
				CLANG_WARN_CONSTANT_CONVERSION = YES;
				CLANG_WARN_DEPRECATED_OBJC_IMPLEMENTATIONS = YES;
				CLANG_WARN_DIRECT_OBJC_ISA_USAGE = YES_ERROR;
				CLANG_WARN_DOCUMENTATION_COMMENTS = YES;
				CLANG_WARN_EMPTY_BODY = YES;
				CLANG_WARN_ENUM_CONVERSION = YES;
				CLANG_WARN_INFINITE_RECURSION = YES;
				CLANG_WARN_INT_CONVERSION = YES;
				CLANG_WARN_NON_LITERAL_NULL_CONVERSION = YES;
				CLANG_WARN_OBJC_IMPLICIT_RETAIN_SELF = YES;
				CLANG_WARN_OBJC_LITERAL_CONVERSION = YES;
				CLANG_WARN_OBJC_ROOT_CLASS = YES_ERROR;
				CLANG_WARN_RANGE_LOOP_ANALYSIS = YES;
				CLANG_WARN_STRICT_PROTOTYPES = YES;
				CLANG_WARN_SUSPICIOUS_MOVE = YES;
				CLANG_WARN_UNGUARDED_AVAILABILITY = YES_AGGRESSIVE;
				CLANG_WARN_UNREACHABLE_CODE = YES;
				CLANG_WARN__DUPLICATE_METHOD_MATCH = YES;
				CODE_SIGN_IDENTITY = "iPhone Developer";
				COPY_PHASE_STRIP = NO;
				DEBUG_INFORMATION_FORMAT = "dwarf-with-dsym";
				ENABLE_NS_ASSERTIONS = NO;
				ENABLE_STRICT_OBJC_MSGSEND = YES;
				GCC_C_LANGUAGE_STANDARD = gnu11;
				GCC_NO_COMMON_BLOCKS = YES;
				GCC_WARN_64_TO_32_BIT_CONVERSION = YES;
				GCC_WARN_ABOUT_RETURN_TYPE = YES_ERROR;
				GCC_WARN_UNDECLARED_SELECTOR = YES;
				GCC_WARN_UNINITIALIZED_AUTOS = YES_AGGRESSIVE;
				GCC_WARN_UNUSED_FUNCTION = YES;
				GCC_WARN_UNUSED_VARIABLE = YES;
				IPHONEOS_DEPLOYMENT_TARGET = 11.3;
				MTL_ENABLE_DEBUG_INFO = NO;
				SDKROOT = iphoneos;
				SWIFT_COMPILATION_MODE = wholemodule;
				SWIFT_OPTIMIZATION_LEVEL = "-O";
				VALIDATE_PRODUCT = YES;
			};
			name = Release;
		};
		19405C1A20B9F29D0080EC07 /* Debug */ = {
			isa = XCBuildConfiguration;
			baseConfigurationReference = A0C5A88D1A4F72D1F8422383 /* Pods-AdvancedTableView.debug.xcconfig */;
			buildSettings = {
				ASSETCATALOG_COMPILER_APPICON_NAME = AppIcon;
				CODE_SIGN_STYLE = Automatic;
				INFOPLIST_FILE = AdvancedTableView/Info.plist;
				LD_RUNPATH_SEARCH_PATHS = (
					"$(inherited)",
					"@executable_path/Frameworks",
				);
				PRODUCT_BUNDLE_IDENTIFIER = com.1652171.AdvancedTableView;
				PRODUCT_NAME = "$(TARGET_NAME)";
				SWIFT_VERSION = 4.0;
				TARGETED_DEVICE_FAMILY = "1,2";
			};
			name = Debug;
		};
		19405C1B20B9F29D0080EC07 /* Release */ = {
			isa = XCBuildConfiguration;
			baseConfigurationReference = C8C5745B5DC8A0BB4BA9A70F /* Pods-AdvancedTableView.release.xcconfig */;
			buildSettings = {
				ASSETCATALOG_COMPILER_APPICON_NAME = AppIcon;
				CODE_SIGN_STYLE = Automatic;
				INFOPLIST_FILE = AdvancedTableView/Info.plist;
				LD_RUNPATH_SEARCH_PATHS = (
					"$(inherited)",
					"@executable_path/Frameworks",
				);
				PRODUCT_BUNDLE_IDENTIFIER = com.1652171.AdvancedTableView;
				PRODUCT_NAME = "$(TARGET_NAME)";
				SWIFT_VERSION = 4.0;
				TARGETED_DEVICE_FAMILY = "1,2";
			};
			name = Release;
		};
/* End XCBuildConfiguration section */

/* Begin XCConfigurationList section */
		19405C0220B9F29D0080EC07 /* Build configuration list for PBXProject "AdvancedTableView" */ = {
			isa = XCConfigurationList;
			buildConfigurations = (
				19405C1720B9F29D0080EC07 /* Debug */,
				19405C1820B9F29D0080EC07 /* Release */,
			);
			defaultConfigurationIsVisible = 0;
			defaultConfigurationName = Release;
		};
		19405C1920B9F29D0080EC07 /* Build configuration list for PBXNativeTarget "AdvancedTableView" */ = {
			isa = XCConfigurationList;
			buildConfigurations = (
				19405C1A20B9F29D0080EC07 /* Debug */,
				19405C1B20B9F29D0080EC07 /* Release */,
			);
			defaultConfigurationIsVisible = 0;
			defaultConfigurationName = Release;
		};
/* End XCConfigurationList section */
	};
	rootObject = 19405BFF20B9F29D0080EC07 /* Project object */;
}
