// !$*UTF8*$!
{
	archiveVersion = 1;
	classes = {
	};
	objectVersion = 50;
	objects = {

/* Begin PBXBuildFile section */
		195E8DA720AA4D0600B373CE /* AppDelegate.swift in Sources */ = {isa = PBXBuildFile; fileRef = 195E8DA620AA4D0600B373CE /* AppDelegate.swift */; };
		195E8DA920AA4D0600B373CE /* ViewController.swift in Sources */ = {isa = PBXBuildFile; fileRef = 195E8DA820AA4D0600B373CE /* ViewController.swift */; };
		195E8DAC20AA4D0600B373CE /* Main.storyboard in Resources */ = {isa = PBXBuildFile; fileRef = 195E8DAA20AA4D0600B373CE /* Main.storyboard */; };
		195E8DAE20AA4D0700B373CE /* Assets.xcassets in Resources */ = {isa = PBXBuildFile; fileRef = 195E8DAD20AA4D0700B373CE /* Assets.xcassets */; };
		195E8DB120AA4D0700B373CE /* LaunchScreen.storyboard in Resources */ = {isa = PBXBuildFile; fileRef = 195E8DAF20AA4D0700B373CE /* LaunchScreen.storyboard */; };
		195E8DB920AA589200B373CE /* LoginBusinessLogic.swift in Sources */ = {isa = PBXBuildFile; fileRef = 195E8DB820AA589200B373CE /* LoginBusinessLogic.swift */; };
		195E8DBB20AA672700B373CE /* ProfileViewController.swift in Sources */ = {isa = PBXBuildFile; fileRef = 195E8DBA20AA672700B373CE /* ProfileViewController.swift */; };
		195E8DBD20AA690000B373CE /* LoginViewModel.swift in Sources */ = {isa = PBXBuildFile; fileRef = 195E8DBC20AA690000B373CE /* LoginViewModel.swift */; };
		195E8DBF20AA73C100B373CE /* ProfileViewModel.swift in Sources */ = {isa = PBXBuildFile; fileRef = 195E8DBE20AA73C100B373CE /* ProfileViewModel.swift */; };
		AEAD8545A550B89AC1CC546C /* Pods_RxSwiftBasics5.framework in Frameworks */ = {isa = PBXBuildFile; fileRef = 9C3590F524A00020D576A9C6 /* Pods_RxSwiftBasics5.framework */; };
/* End PBXBuildFile section */

/* Begin PBXFileReference section */
		195E8DA320AA4D0600B373CE /* RxSwiftBasics5.app */ = {isa = PBXFileReference; explicitFileType = wrapper.application; includeInIndex = 0; path = RxSwiftBasics5.app; sourceTree = BUILT_PRODUCTS_DIR; };
		195E8DA620AA4D0600B373CE /* AppDelegate.swift */ = {isa = PBXFileReference; lastKnownFileType = sourcecode.swift; path = AppDelegate.swift; sourceTree = "<group>"; };
		195E8DA820AA4D0600B373CE /* ViewController.swift */ = {isa = PBXFileReference; lastKnownFileType = sourcecode.swift; path = ViewController.swift; sourceTree = "<group>"; };
		195E8DAB20AA4D0600B373CE /* Base */ = {isa = PBXFileReference; lastKnownFileType = file.storyboard; name = Base; path = Base.lproj/Main.storyboard; sourceTree = "<group>"; };
		195E8DAD20AA4D0700B373CE /* Assets.xcassets */ = {isa = PBXFileReference; lastKnownFileType = folder.assetcatalog; path = Assets.xcassets; sourceTree = "<group>"; };
		195E8DB020AA4D0700B373CE /* Base */ = {isa = PBXFileReference; lastKnownFileType = file.storyboard; name = Base; path = Base.lproj/LaunchScreen.storyboard; sourceTree = "<group>"; };
		195E8DB220AA4D0700B373CE /* Info.plist */ = {isa = PBXFileReference; lastKnownFileType = text.plist.xml; path = Info.plist; sourceTree = "<group>"; };
		195E8DB820AA589200B373CE /* LoginBusinessLogic.swift */ = {isa = PBXFileReference; lastKnownFileType = sourcecode.swift; path = LoginBusinessLogic.swift; sourceTree = "<group>"; };
		195E8DBA20AA672700B373CE /* ProfileViewController.swift */ = {isa = PBXFileReference; lastKnownFileType = sourcecode.swift; path = ProfileViewController.swift; sourceTree = "<group>"; };
		195E8DBC20AA690000B373CE /* LoginViewModel.swift */ = {isa = PBXFileReference; fileEncoding = 4; lastKnownFileType = sourcecode.swift; path = LoginViewModel.swift; sourceTree = "<group>"; };
		195E8DBE20AA73C100B373CE /* ProfileViewModel.swift */ = {isa = PBXFileReference; fileEncoding = 4; lastKnownFileType = sourcecode.swift; path = ProfileViewModel.swift; sourceTree = "<group>"; };
		7F8B6AB3D4799CD1DD8EAA8D /* Pods-RxSwiftBasics5.release.xcconfig */ = {isa = PBXFileReference; includeInIndex = 1; lastKnownFileType = text.xcconfig; name = "Pods-RxSwiftBasics5.release.xcconfig"; path = "Pods/Target Support Files/Pods-RxSwiftBasics5/Pods-RxSwiftBasics5.release.xcconfig"; sourceTree = "<group>"; };
		9C3590F524A00020D576A9C6 /* Pods_RxSwiftBasics5.framework */ = {isa = PBXFileReference; explicitFileType = wrapper.framework; includeInIndex = 0; path = Pods_RxSwiftBasics5.framework; sourceTree = BUILT_PRODUCTS_DIR; };
		EE706FCC81ABC83787B1A90E /* Pods-RxSwiftBasics5.debug.xcconfig */ = {isa = PBXFileReference; includeInIndex = 1; lastKnownFileType = text.xcconfig; name = "Pods-RxSwiftBasics5.debug.xcconfig"; path = "Pods/Target Support Files/Pods-RxSwiftBasics5/Pods-RxSwiftBasics5.debug.xcconfig"; sourceTree = "<group>"; };
/* End PBXFileReference section */

/* Begin PBXFrameworksBuildPhase section */
		195E8DA020AA4D0500B373CE /* Frameworks */ = {
			isa = PBXFrameworksBuildPhase;
			buildActionMask = 2147483647;
			files = (
				AEAD8545A550B89AC1CC546C /* Pods_RxSwiftBasics5.framework in Frameworks */,
			);
			runOnlyForDeploymentPostprocessing = 0;
		};
/* End PBXFrameworksBuildPhase section */

/* Begin PBXGroup section */
		195E8D9A20AA4D0500B373CE = {
			isa = PBXGroup;
			children = (
				195E8DA520AA4D0600B373CE /* RxSwiftBasics5 */,
				195E8DA420AA4D0600B373CE /* Products */,
				C33D8C868D4641990FF17962 /* Pods */,
				1EF1530F73D46CBE12980B5B /* Frameworks */,
			);
			sourceTree = "<group>";
		};
		195E8DA420AA4D0600B373CE /* Products */ = {
			isa = PBXGroup;
			children = (
				195E8DA320AA4D0600B373CE /* RxSwiftBasics5.app */,
			);
			name = Products;
			sourceTree = "<group>";
		};
		195E8DA520AA4D0600B373CE /* RxSwiftBasics5 */ = {
			isa = PBXGroup;
			children = (
				195E8DA620AA4D0600B373CE /* AppDelegate.swift */,
				195E8DA820AA4D0600B373CE /* ViewController.swift */,
				195E8DBC20AA690000B373CE /* LoginViewModel.swift */,
				195E8DBA20AA672700B373CE /* ProfileViewController.swift */,
				195E8DB820AA589200B373CE /* LoginBusinessLogic.swift */,
				195E8DBE20AA73C100B373CE /* ProfileViewModel.swift */,
				195E8DAA20AA4D0600B373CE /* Main.storyboard */,
				195E8DAD20AA4D0700B373CE /* Assets.xcassets */,
				195E8DAF20AA4D0700B373CE /* LaunchScreen.storyboard */,
				195E8DB220AA4D0700B373CE /* Info.plist */,
			);
			path = RxSwiftBasics5;
			sourceTree = "<group>";
		};
		1EF1530F73D46CBE12980B5B /* Frameworks */ = {
			isa = PBXGroup;
			children = (
				9C3590F524A00020D576A9C6 /* Pods_RxSwiftBasics5.framework */,
			);
			name = Frameworks;
			sourceTree = "<group>";
		};
		C33D8C868D4641990FF17962 /* Pods */ = {
			isa = PBXGroup;
			children = (
				EE706FCC81ABC83787B1A90E /* Pods-RxSwiftBasics5.debug.xcconfig */,
				7F8B6AB3D4799CD1DD8EAA8D /* Pods-RxSwiftBasics5.release.xcconfig */,
			);
			name = Pods;
			sourceTree = "<group>";
		};
/* End PBXGroup section */

/* Begin PBXNativeTarget section */
		195E8DA220AA4D0500B373CE /* RxSwiftBasics5 */ = {
			isa = PBXNativeTarget;
			buildConfigurationList = 195E8DB520AA4D0700B373CE /* Build configuration list for PBXNativeTarget "RxSwiftBasics5" */;
			buildPhases = (
				C0EB1C2ADC7B1784F0E0DA7E /* [CP] Check Pods Manifest.lock */,
				195E8D9F20AA4D0500B373CE /* Sources */,
				195E8DA020AA4D0500B373CE /* Frameworks */,
				195E8DA120AA4D0500B373CE /* Resources */,
				9395D681766FAC804F76C7CB /* [CP] Embed Pods Frameworks */,
			);
			buildRules = (
			);
			dependencies = (
			);
			name = RxSwiftBasics5;
			productName = RxSwiftBasics5;
			productReference = 195E8DA320AA4D0600B373CE /* RxSwiftBasics5.app */;
			productType = "com.apple.product-type.application";
		};
/* End PBXNativeTarget section */

/* Begin PBXProject section */
		195E8D9B20AA4D0500B373CE /* Project object */ = {
			isa = PBXProject;
			attributes = {
				LastSwiftUpdateCheck = 0930;
				LastUpgradeCheck = 0930;
				ORGANIZATIONNAME = "Young Kim";
				TargetAttributes = {
					195E8DA220AA4D0500B373CE = {
						CreatedOnToolsVersion = 9.3.1;
					};
				};
			};
			buildConfigurationList = 195E8D9E20AA4D0500B373CE /* Build configuration list for PBXProject "RxSwiftBasics5" */;
			compatibilityVersion = "Xcode 9.3";
			developmentRegion = en;
			hasScannedForEncodings = 0;
			knownRegions = (
				en,
				Base,
			);
			mainGroup = 195E8D9A20AA4D0500B373CE;
			productRefGroup = 195E8DA420AA4D0600B373CE /* Products */;
			projectDirPath = "";
			projectRoot = "";
			targets = (
				195E8DA220AA4D0500B373CE /* RxSwiftBasics5 */,
			);
		};
/* End PBXProject section */

/* Begin PBXResourcesBuildPhase section */
		195E8DA120AA4D0500B373CE /* Resources */ = {
			isa = PBXResourcesBuildPhase;
			buildActionMask = 2147483647;
			files = (
				195E8DB120AA4D0700B373CE /* LaunchScreen.storyboard in Resources */,
				195E8DAE20AA4D0700B373CE /* Assets.xcassets in Resources */,
				195E8DAC20AA4D0600B373CE /* Main.storyboard in Resources */,
			);
			runOnlyForDeploymentPostprocessing = 0;
		};
/* End PBXResourcesBuildPhase section */

/* Begin PBXShellScriptBuildPhase section */
		9395D681766FAC804F76C7CB /* [CP] Embed Pods Frameworks */ = {
			isa = PBXShellScriptBuildPhase;
			buildActionMask = 2147483647;
			files = (
			);
			inputPaths = (
				"${SRCROOT}/Pods/Target Support Files/Pods-RxSwiftBasics5/Pods-RxSwiftBasics5-frameworks.sh",
				"${BUILT_PRODUCTS_DIR}/RxCocoa/RxCocoa.framework",
				"${BUILT_PRODUCTS_DIR}/RxSwift/RxSwift.framework",
			);
			name = "[CP] Embed Pods Frameworks";
			outputPaths = (
				"${TARGET_BUILD_DIR}/${FRAMEWORKS_FOLDER_PATH}/RxCocoa.framework",
				"${TARGET_BUILD_DIR}/${FRAMEWORKS_FOLDER_PATH}/RxSwift.framework",
			);
			runOnlyForDeploymentPostprocessing = 0;
			shellPath = /bin/sh;
			shellScript = "\"${SRCROOT}/Pods/Target Support Files/Pods-RxSwiftBasics5/Pods-RxSwiftBasics5-frameworks.sh\"\n";
			showEnvVarsInLog = 0;
		};
		C0EB1C2ADC7B1784F0E0DA7E /* [CP] Check Pods Manifest.lock */ = {
			isa = PBXShellScriptBuildPhase;
			buildActionMask = 2147483647;
			files = (
			);
			inputPaths = (
				"${PODS_PODFILE_DIR_PATH}/Podfile.lock",
				"${PODS_ROOT}/Manifest.lock",
			);
			name = "[CP] Check Pods Manifest.lock";
			outputPaths = (
				"$(DERIVED_FILE_DIR)/Pods-RxSwiftBasics5-checkManifestLockResult.txt",
			);
			runOnlyForDeploymentPostprocessing = 0;
			shellPath = /bin/sh;
			shellScript = "diff \"${PODS_PODFILE_DIR_PATH}/Podfile.lock\" \"${PODS_ROOT}/Manifest.lock\" > /dev/null\nif [ $? != 0 ] ; then\n    # print error to STDERR\n    echo \"error: The sandbox is not in sync with the Podfile.lock. Run 'pod install' or update your CocoaPods installation.\" >&2\n    exit 1\nfi\n# This output is used by Xcode 'outputs' to avoid re-running this script phase.\necho \"SUCCESS\" > \"${SCRIPT_OUTPUT_FILE_0}\"\n";
			showEnvVarsInLog = 0;
		};
/* End PBXShellScriptBuildPhase section */

/* Begin PBXSourcesBuildPhase section */
		195E8D9F20AA4D0500B373CE /* Sources */ = {
			isa = PBXSourcesBuildPhase;
			buildActionMask = 2147483647;
			files = (
				195E8DBF20AA73C100B373CE /* ProfileViewModel.swift in Sources */,
				195E8DA920AA4D0600B373CE /* ViewController.swift in Sources */,
				195E8DA720AA4D0600B373CE /* AppDelegate.swift in Sources */,
				195E8DBB20AA672700B373CE /* ProfileViewController.swift in Sources */,
				195E8DBD20AA690000B373CE /* LoginViewModel.swift in Sources */,
				195E8DB920AA589200B373CE /* LoginBusinessLogic.swift in Sources */,
			);
			runOnlyForDeploymentPostprocessing = 0;
		};
/* End PBXSourcesBuildPhase section */

/* Begin PBXVariantGroup section */
		195E8DAA20AA4D0600B373CE /* Main.storyboard */ = {
			isa = PBXVariantGroup;
			children = (
				195E8DAB20AA4D0600B373CE /* Base */,
			);
			name = Main.storyboard;
			sourceTree = "<group>";
		};
		195E8DAF20AA4D0700B373CE /* LaunchScreen.storyboard */ = {
			isa = PBXVariantGroup;
			children = (
				195E8DB020AA4D0700B373CE /* Base */,
			);
			name = LaunchScreen.storyboard;
			sourceTree = "<group>";
		};
/* End PBXVariantGroup section */

/* Begin XCBuildConfiguration section */
		195E8DB320AA4D0700B373CE /* Debug */ = {
			isa = XCBuildConfiguration;
			buildSettings = {
				ALWAYS_SEARCH_USER_PATHS = NO;
				CLANG_ANALYZER_NONNULL = YES;
				CLANG_ANALYZER_NUMBER_OBJECT_CONVERSION = YES_AGGRESSIVE;
				CLANG_CXX_LANGUAGE_STANDARD = "gnu++14";
				CLANG_CXX_LIBRARY = "libc++";
				CLANG_ENABLE_MODULES = YES;
				CLANG_ENABLE_OBJC_ARC = YES;
				CLANG_ENABLE_OBJC_WEAK = YES;
				CLANG_WARN_BLOCK_CAPTURE_AUTORELEASING = YES;
				CLANG_WARN_BOOL_CONVERSION = YES;
				CLANG_WARN_COMMA = YES;
				CLANG_WARN_CONSTANT_CONVERSION = YES;
				CLANG_WARN_DEPRECATED_OBJC_IMPLEMENTATIONS = YES;
				CLANG_WARN_DIRECT_OBJC_ISA_USAGE = YES_ERROR;
				CLANG_WARN_DOCUMENTATION_COMMENTS = YES;
				CLANG_WARN_EMPTY_BODY = YES;
				CLANG_WARN_ENUM_CONVERSION = YES;
				CLANG_WARN_INFINITE_RECURSION = YES;
				CLANG_WARN_INT_CONVERSION = YES;
				CLANG_WARN_NON_LITERAL_NULL_CONVERSION = YES;
				CLANG_WARN_OBJC_IMPLICIT_RETAIN_SELF = YES;
				CLANG_WARN_OBJC_LITERAL_CONVERSION = YES;
				CLANG_WARN_OBJC_ROOT_CLASS = YES_ERROR;
				CLANG_WARN_RANGE_LOOP_ANALYSIS = YES;
				CLANG_WARN_STRICT_PROTOTYPES = YES;
				CLANG_WARN_SUSPICIOUS_MOVE = YES;
				CLANG_WARN_UNGUARDED_AVAILABILITY = YES_AGGRESSIVE;
				CLANG_WARN_UNREACHABLE_CODE = YES;
				CLANG_WARN__DUPLICATE_METHOD_MATCH = YES;
				CODE_SIGN_IDENTITY = "iPhone Developer";
				COPY_PHASE_STRIP = NO;
				DEBUG_INFORMATION_FORMAT = dwarf;
				ENABLE_STRICT_OBJC_MSGSEND = YES;
				ENABLE_TESTABILITY = YES;
				GCC_C_LANGUAGE_STANDARD = gnu11;
				GCC_DYNAMIC_NO_PIC = NO;
				GCC_NO_COMMON_BLOCKS = YES;
				GCC_OPTIMIZATION_LEVEL = 0;
				GCC_PREPROCESSOR_DEFINITIONS = (
					"DEBUG=1",
					"$(inherited)",
				);
				GCC_WARN_64_TO_32_BIT_CONVERSION = YES;
				GCC_WARN_ABOUT_RETURN_TYPE = YES_ERROR;
				GCC_WARN_UNDECLARED_SELECTOR = YES;
				GCC_WARN_UNINITIALIZED_AUTOS = YES_AGGRESSIVE;
				GCC_WARN_UNUSED_FUNCTION = YES;
				GCC_WARN_UNUSED_VARIABLE = YES;
				IPHONEOS_DEPLOYMENT_TARGET = 11.3;
				MTL_ENABLE_DEBUG_INFO = YES;
				ONLY_ACTIVE_ARCH = YES;
				SDKROOT = iphoneos;
				SWIFT_ACTIVE_COMPILATION_CONDITIONS = DEBUG;
				SWIFT_OPTIMIZATION_LEVEL = "-Onone";
			};
			name = Debug;
		};
		195E8DB420AA4D0700B373CE /* Release */ = {
			isa = XCBuildConfiguration;
			buildSettings = {
				ALWAYS_SEARCH_USER_PATHS = NO;
				CLANG_ANALYZER_NONNULL = YES;
				CLANG_ANALYZER_NUMBER_OBJECT_CONVERSION = YES_AGGRESSIVE;
				CLANG_CXX_LANGUAGE_STANDARD = "gnu++14";
				CLANG_CXX_LIBRARY = "libc++";
				CLANG_ENABLE_MODULES = YES;
				CLANG_ENABLE_OBJC_ARC = YES;
				CLANG_ENABLE_OBJC_WEAK = YES;
				CLANG_WARN_BLOCK_CAPTURE_AUTORELEASING = YES;
				CLANG_WARN_BOOL_CONVERSION = YES;
				CLANG_WARN_COMMA = YES;
				CLANG_WARN_CONSTANT_CONVERSION = YES;
				CLANG_WARN_DEPRECATED_OBJC_IMPLEMENTATIONS = YES;
				CLANG_WARN_DIRECT_OBJC_ISA_USAGE = YES_ERROR;
				CLANG_WARN_DOCUMENTATION_COMMENTS = YES;
				CLANG_WARN_EMPTY_BODY = YES;
				CLANG_WARN_ENUM_CONVERSION = YES;
				CLANG_WARN_INFINITE_RECURSION = YES;
				CLANG_WARN_INT_CONVERSION = YES;
				CLANG_WARN_NON_LITERAL_NULL_CONVERSION = YES;
				CLANG_WARN_OBJC_IMPLICIT_RETAIN_SELF = YES;
				CLANG_WARN_OBJC_LITERAL_CONVERSION = YES;
				CLANG_WARN_OBJC_ROOT_CLASS = YES_ERROR;
				CLANG_WARN_RANGE_LOOP_ANALYSIS = YES;
				CLANG_WARN_STRICT_PROTOTYPES = YES;
				CLANG_WARN_SUSPICIOUS_MOVE = YES;
				CLANG_WARN_UNGUARDED_AVAILABILITY = YES_AGGRESSIVE;
				CLANG_WARN_UNREACHABLE_CODE = YES;
				CLANG_WARN__DUPLICATE_METHOD_MATCH = YES;
				CODE_SIGN_IDENTITY = "iPhone Developer";
				COPY_PHASE_STRIP = NO;
				DEBUG_INFORMATION_FORMAT = "dwarf-with-dsym";
				ENABLE_NS_ASSERTIONS = NO;
				ENABLE_STRICT_OBJC_MSGSEND = YES;
				GCC_C_LANGUAGE_STANDARD = gnu11;
				GCC_NO_COMMON_BLOCKS = YES;
				GCC_WARN_64_TO_32_BIT_CONVERSION = YES;
				GCC_WARN_ABOUT_RETURN_TYPE = YES_ERROR;
				GCC_WARN_UNDECLARED_SELECTOR = YES;
				GCC_WARN_UNINITIALIZED_AUTOS = YES_AGGRESSIVE;
				GCC_WARN_UNUSED_FUNCTION = YES;
				GCC_WARN_UNUSED_VARIABLE = YES;
				IPHONEOS_DEPLOYMENT_TARGET = 11.3;
				MTL_ENABLE_DEBUG_INFO = NO;
				SDKROOT = iphoneos;
				SWIFT_COMPILATION_MODE = wholemodule;
				SWIFT_OPTIMIZATION_LEVEL = "-O";
				VALIDATE_PRODUCT = YES;
			};
			name = Release;
		};
		195E8DB620AA4D0700B373CE /* Debug */ = {
			isa = XCBuildConfiguration;
			baseConfigurationReference = EE706FCC81ABC83787B1A90E /* Pods-RxSwiftBasics5.debug.xcconfig */;
			buildSettings = {
				ASSETCATALOG_COMPILER_APPICON_NAME = AppIcon;
				CODE_SIGN_STYLE = Automatic;
				INFOPLIST_FILE = RxSwiftBasics5/Info.plist;
				LD_RUNPATH_SEARCH_PATHS = (
					"$(inherited)",
					"@executable_path/Frameworks",
				);
				PRODUCT_BUNDLE_IDENTIFIER = com.1652171.RxSwiftBasics5;
				PRODUCT_NAME = "$(TARGET_NAME)";
				SWIFT_VERSION = 4.0;
				TARGETED_DEVICE_FAMILY = "1,2";
			};
			name = Debug;
		};
		195E8DB720AA4D0700B373CE /* Release */ = {
			isa = XCBuildConfiguration;
			baseConfigurationReference = 7F8B6AB3D4799CD1DD8EAA8D /* Pods-RxSwiftBasics5.release.xcconfig */;
			buildSettings = {
				ASSETCATALOG_COMPILER_APPICON_NAME = AppIcon;
				CODE_SIGN_STYLE = Automatic;
				INFOPLIST_FILE = RxSwiftBasics5/Info.plist;
				LD_RUNPATH_SEARCH_PATHS = (
					"$(inherited)",
					"@executable_path/Frameworks",
				);
				PRODUCT_BUNDLE_IDENTIFIER = com.1652171.RxSwiftBasics5;
				PRODUCT_NAME = "$(TARGET_NAME)";
				SWIFT_VERSION = 4.0;
				TARGETED_DEVICE_FAMILY = "1,2";
			};
			name = Release;
		};
/* End XCBuildConfiguration section */

/* Begin XCConfigurationList section */
		195E8D9E20AA4D0500B373CE /* Build configuration list for PBXProject "RxSwiftBasics5" */ = {
			isa = XCConfigurationList;
			buildConfigurations = (
				195E8DB320AA4D0700B373CE /* Debug */,
				195E8DB420AA4D0700B373CE /* Release */,
			);
			defaultConfigurationIsVisible = 0;
			defaultConfigurationName = Release;
		};
		195E8DB520AA4D0700B373CE /* Build configuration list for PBXNativeTarget "RxSwiftBasics5" */ = {
			isa = XCConfigurationList;
			buildConfigurations = (
				195E8DB620AA4D0700B373CE /* Debug */,
				195E8DB720AA4D0700B373CE /* Release */,
			);
			defaultConfigurationIsVisible = 0;
			defaultConfigurationName = Release;
		};
/* End XCConfigurationList section */
	};
	rootObject = 195E8D9B20AA4D0500B373CE /* Project object */;
}
